Microsoft Visual Studio Solution File, Format Version 12.00
# Visual Studio Version 17
VisualStudioVersion = 17.5.2.0
MinimumVisualStudioVersion = 10.0.40219.1
Project("{FAE04EC0-301F-11D3-BF4B-00C04F79EFBC}") = "GameTest", "GameTest.csproj", "{03064442-57AA-E4F1-10A8-5978F0458050}"
EndProject
Global
	GlobalSection(SolutionConfigurationPlatforms) = preSolution
		Debug|Any CPU = Debug|Any CPU
		Release|Any CPU = Release|Any CPU
	EndGlobalSection
	GlobalSection(ProjectConfigurationPlatforms) = postSolution
		{03064442-57AA-E4F1-10A8-5978F0458050}.Debug|Any CPU.ActiveCfg = Debug|Any CPU
		{03064442-57AA-E4F1-10A8-5978F0458050}.Debug|Any CPU.Build.0 = Debug|Any CPU
		{03064442-57AA-E4F1-10A8-5978F0458050}.Release|Any CPU.ActiveCfg = Release|Any CPU
		{03064442-57AA-E4F1-10A8-5978F0458050}.Release|Any CPU.Build.0 = Release|Any CPU
	EndGlobalSection
	GlobalSection(SolutionProperties) = preSolution
		HideSolutionNode = FALSE
	EndGlobalSection
	GlobalSection(ExtensibilityGlobals) = postSolution
		SolutionGuid = {CDFDF2AE-415C-4B73-AF4B-1959AC245D30}
	EndGlobalSection
EndGlobal
